
Microsoft Visual Studio Solution File, Format Version 12.00
# Visual Studio Version 17
VisualStudioVersion = 17.0.31912.275
MinimumVisualStudioVersion = 10.0.40219.1
Project("{9A19103F-16F7-4668-BE54-9A1E7A4F7556}") = "EmployeeManagement.Models", "EmployeeManagement.Models\EmployeeManagement.Models.csproj", "{A21DA688-7841-4132-8F6C-8ED3F74F5955}"
EndProject
Project("{9A19103F-16F7-4668-BE54-9A1E7A4F7556}") = "EmployeeManagement.Web", "EmployeeManagement.Web\EmployeeManagement.Web.csproj", "{016AC9FA-6CDB-451A-AE10-9B574738A7C7}"
EndProject
Project("{9A19103F-16F7-4668-BE54-9A1E7A4F7556}") = "EmployeeManagement.Api", "EmployeeManagement.Api\EmployeeManagement.Api.csproj", "{3FD1E243-CF7B-4EF7-9301-47B67DAF277A}"
EndProject
Global
	GlobalSection(SolutionConfigurationPlatforms) = preSolution
		Debug|Any CPU = Debug|Any CPU
		Release|Any CPU = Release|Any CPU
	EndGlobalSection
	GlobalSection(ProjectConfigurationPlatforms) = postSolution
		{A21DA688-7841-4132-8F6C-8ED3F74F5955}.Debug|Any CPU.ActiveCfg = Debug|Any CPU
		{A21DA688-7841-4132-8F6C-8ED3F74F5955}.Debug|Any CPU.Build.0 = Debug|Any CPU
		{A21DA688-7841-4132-8F6C-8ED3F74F5955}.Release|Any CPU.ActiveCfg = Release|Any CPU
		{A21DA688-7841-4132-8F6C-8ED3F74F5955}.Release|Any CPU.Build.0 = Release|Any CPU
		{016AC9FA-6CDB-451A-AE10-9B574738A7C7}.Debug|Any CPU.ActiveCfg = Debug|Any CPU
		{016AC9FA-6CDB-451A-AE10-9B574738A7C7}.Debug|Any CPU.Build.0 = Debug|Any CPU
		{016AC9FA-6CDB-451A-AE10-9B574738A7C7}.Release|Any CPU.ActiveCfg = Release|Any CPU
		{016AC9FA-6CDB-451A-AE10-9B574738A7C7}.Release|Any CPU.Build.0 = Release|Any CPU
		{3FD1E243-CF7B-4EF7-9301-47B67DAF277A}.Debug|Any CPU.ActiveCfg = Debug|Any CPU
		{3FD1E243-CF7B-4EF7-9301-47B67DAF277A}.Debug|Any CPU.Build.0 = Debug|Any CPU
		{3FD1E243-CF7B-4EF7-9301-47B67DAF277A}.Release|Any CPU.ActiveCfg = Release|Any CPU
		{3FD1E243-CF7B-4EF7-9301-47B67DAF277A}.Release|Any CPU.Build.0 = Release|Any CPU
	EndGlobalSection
	GlobalSection(SolutionProperties) = preSolution
		HideSolutionNode = FALSE
	EndGlobalSection
	GlobalSection(ExtensibilityGlobals) = postSolution
		SolutionGuid = {DF867BFF-45FA-4FE6-A525-E278C4DED09C}
	EndGlobalSection
EndGlobal
